
Microsoft Visual Studio Solution File, Format Version 12.00
# Visual Studio Version 17
VisualStudioVersion = 17.9.34622.214
MinimumVisualStudioVersion = 10.0.40219.1
Project("{FAE04EC0-301F-11D3-BF4B-00C04F79EFBC}") = "MauiMVVM", "MauiMVVM.csproj", "{42019734-BA7F-4E8C-B2F4-E07D20DDFD87}"
EndProject
Global
	GlobalSection(SolutionConfigurationPlatforms) = preSolution
		Debug|Any CPU = Debug|Any CPU
		Release|Any CPU = Release|Any CPU
	EndGlobalSection
	GlobalSection(ProjectConfigurationPlatforms) = postSolution
		{42019734-BA7F-4E8C-B2F4-E07D20DDFD87}.Debug|Any CPU.ActiveCfg = Debug|Any CPU
		{42019734-BA7F-4E8C-B2F4-E07D20DDFD87}.Debug|Any CPU.Build.0 = Debug|Any CPU
		{42019734-BA7F-4E8C-B2F4-E07D20DDFD87}.Debug|Any CPU.Deploy.0 = Debug|Any CPU
		{42019734-BA7F-4E8C-B2F4-E07D20DDFD87}.Release|Any CPU.ActiveCfg = Release|Any CPU
		{42019734-BA7F-4E8C-B2F4-E07D20DDFD87}.Release|Any CPU.Build.0 = Release|Any CPU
		{42019734-BA7F-4E8C-B2F4-E07D20DDFD87}.Release|Any CPU.Deploy.0 = Release|Any CPU
	EndGlobalSection
	GlobalSection(SolutionProperties) = preSolution
		HideSolutionNode = FALSE
	EndGlobalSection
	GlobalSection(ExtensibilityGlobals) = postSolution
		SolutionGuid = {3F2E97E1-1671-4A2D-B1D6-3FBBADE2CA6D}
	EndGlobalSection
EndGlobal
